Microsoft Visual Studio Solution File, Format Version 12.00
# Visual Studio Version 17
VisualStudioVersion = 17.5.2.0
MinimumVisualStudioVersion = 10.0.40219.1
Project("{2150E333-8FDC-42A3-9474-1A3956D46DE8}") = "backend", "backend", "{1AE8ACA6-933B-BF2A-3671-3E2EAC007D16}"
EndProject
Project("{2150E333-8FDC-42A3-9474-1A3956D46DE8}") = "src", "src", "{0F9113EE-888A-26D2-68B0-4A7D0A2A8745}"
EndProject
Project("{FAE04EC0-301F-11D3-BF4B-00C04F79EFBC}") = "PaymentManager.WebApi", "backend\src\PaymentManager.WebApi\PaymentManager.WebApi.csproj", "{FCDF8193-D1BB-E56F-CBCF-A2ABFD6231D9}"
EndProject
Project("{FAE04EC0-301F-11D3-BF4B-00C04F79EFBC}") = "PaymentManager.Common", "backend\src\PaymentManager.Common\PaymentManager.Common.csproj", "{42FDFDC6-ADA6-785D-BCDE-44E42997608B}"
EndProject
Project("{FAE04EC0-301F-11D3-BF4B-00C04F79EFBC}") = "PaymentManager.Application", "backend\src\PaymentManager.Application\PaymentManager.Application.csproj", "{81C9B467-F39A-2B4B-8825-3CC8CBE2781F}"
EndProject
Project("{FAE04EC0-301F-11D3-BF4B-00C04F79EFBC}") = "PaymentManager.Infrastructure", "backend\src\PaymentManager.Infrastructure\PaymentManager.Infrastructure.csproj", "{013FB72F-170B-76C9-3A0F-0220138AED88}"
EndProject
Project("{2150E333-8FDC-42A3-9474-1A3956D46DE8}") = "tests", "tests", "{F57642F3-C37C-D174-720E-6A6AAD5BEE22}"
EndProject
Project("{FAE04EC0-301F-11D3-BF4B-00C04F79EFBC}") = "PaymentManager.Tests.Common", "backend\tests\PaymentManager.Tests.Common\PaymentManager.Tests.Common.csproj", "{3854E47F-0F98-95DE-BD48-BF5A666DF2AD}"
EndProject
Project("{2150E333-8FDC-42A3-9474-1A3956D46DE8}") = "integration", "integration", "{0A89FECB-1AB1-6485-1AA0-DCD8388D976F}"
EndProject
Project("{FAE04EC0-301F-11D3-BF4B-00C04F79EFBC}") = "PaymentManager.WebApi.Tests.Integration", "backend\tests\integration\PaymentManager.WebApi.Tests.Integration\PaymentManager.WebApi.Tests.Integration.csproj", "{5C56C0A7-A913-759F-5213-659ED0A91BD4}"
EndProject
Project("{2150E333-8FDC-42A3-9474-1A3956D46DE8}") = "unit", "unit", "{53BC5D6F-2E23-E2BC-B668-7B04856F88A1}"
EndProject
Project("{FAE04EC0-301F-11D3-BF4B-00C04F79EFBC}") = "PaymentManager.Common.Tests.Unit", "backend\tests\unit\PaymentManager.Common.Tests.Unit\PaymentManager.Common.Tests.Unit.csproj", "{AE9D85BB-B812-FCBF-60D4-0653F76DE85F}"
EndProject
Project("{FAE04EC0-301F-11D3-BF4B-00C04F79EFBC}") = "PaymentManager.Infrastructure.Tests.Unit", "backend\tests\unit\PaymentManager.Infrastructure.Tests.Unit\PaymentManager.Infrastructure.Tests.Unit.csproj", "{32B551A9-D3AB-1F8C-6C4B-375E85A9C92F}"
EndProject
Project("{FAE04EC0-301F-11D3-BF4B-00C04F79EFBC}") = "PaymentManager.Application.Tests.Unit", "backend\tests\unit\PaymentManager.Application.Tests.Unit\PaymentManager.Application.Tests.Unit.csproj", "{65DDF77D-25FA-C81D-6E25-2E8CAF408A80}"
EndProject
Project("{FAE04EC0-301F-11D3-BF4B-00C04F79EFBC}") = "PaymentManager.WebApi.Tests.Unit", "backend\tests\unit\PaymentManager.WebApi.Tests.Unit\PaymentManager.WebApi.Tests.Unit.csproj", "{BEE092FA-0621-24B6-9808-C512BF392AFE}"
EndProject
Global
	GlobalSection(SolutionConfigurationPlatforms) = preSolution
		Debug|Any CPU = Debug|Any CPU
		Release|Any CPU = Release|Any CPU
	EndGlobalSection
	GlobalSection(ProjectConfigurationPlatforms) = postSolution
		{FCDF8193-D1BB-E56F-CBCF-A2ABFD6231D9}.Debug|Any CPU.ActiveCfg = Debug|Any CPU
		{FCDF8193-D1BB-E56F-CBCF-A2ABFD6231D9}.Debug|Any CPU.Build.0 = Debug|Any CPU
		{FCDF8193-D1BB-E56F-CBCF-A2ABFD6231D9}.Release|Any CPU.ActiveCfg = Release|Any CPU
		{FCDF8193-D1BB-E56F-CBCF-A2ABFD6231D9}.Release|Any CPU.Build.0 = Release|Any CPU
		{42FDFDC6-ADA6-785D-BCDE-44E42997608B}.Debug|Any CPU.ActiveCfg = Debug|Any CPU
		{42FDFDC6-ADA6-785D-BCDE-44E42997608B}.Debug|Any CPU.Build.0 = Debug|Any CPU
		{42FDFDC6-ADA6-785D-BCDE-44E42997608B}.Release|Any CPU.ActiveCfg = Release|Any CPU
		{42FDFDC6-ADA6-785D-BCDE-44E42997608B}.Release|Any CPU.Build.0 = Release|Any CPU
		{81C9B467-F39A-2B4B-8825-3CC8CBE2781F}.Debug|Any CPU.ActiveCfg = Debug|Any CPU
		{81C9B467-F39A-2B4B-8825-3CC8CBE2781F}.Debug|Any CPU.Build.0 = Debug|Any CPU
		{81C9B467-F39A-2B4B-8825-3CC8CBE2781F}.Release|Any CPU.ActiveCfg = Release|Any CPU
		{81C9B467-F39A-2B4B-8825-3CC8CBE2781F}.Release|Any CPU.Build.0 = Release|Any CPU
		{013FB72F-170B-76C9-3A0F-0220138AED88}.Debug|Any CPU.ActiveCfg = Debug|Any CPU
		{013FB72F-170B-76C9-3A0F-0220138AED88}.Debug|Any CPU.Build.0 = Debug|Any CPU
		{013FB72F-170B-76C9-3A0F-0220138AED88}.Release|Any CPU.ActiveCfg = Release|Any CPU
		{013FB72F-170B-76C9-3A0F-0220138AED88}.Release|Any CPU.Build.0 = Release|Any CPU
		{3854E47F-0F98-95DE-BD48-BF5A666DF2AD}.Debug|Any CPU.ActiveCfg = Debug|Any CPU
		{3854E47F-0F98-95DE-BD48-BF5A666DF2AD}.Debug|Any CPU.Build.0 = Debug|Any CPU
		{3854E47F-0F98-95DE-BD48-BF5A666DF2AD}.Release|Any CPU.ActiveCfg = Release|Any CPU
		{3854E47F-0F98-95DE-BD48-BF5A666DF2AD}.Release|Any CPU.Build.0 = Release|Any CPU
		{5C56C0A7-A913-759F-5213-659ED0A91BD4}.Debug|Any CPU.ActiveCfg = Debug|Any CPU
		{5C56C0A7-A913-759F-5213-659ED0A91BD4}.Debug|Any CPU.Build.0 = Debug|Any CPU
		{5C56C0A7-A913-759F-5213-659ED0A91BD4}.Release|Any CPU.ActiveCfg = Release|Any CPU
		{5C56C0A7-A913-759F-5213-659ED0A91BD4}.Release|Any CPU.Build.0 = Release|Any CPU
		{AE9D85BB-B812-FCBF-60D4-0653F76DE85F}.Debug|Any CPU.ActiveCfg = Debug|Any CPU
		{AE9D85BB-B812-FCBF-60D4-0653F76DE85F}.Debug|Any CPU.Build.0 = Debug|Any CPU
		{AE9D85BB-B812-FCBF-60D4-0653F76DE85F}.Release|Any CPU.ActiveCfg = Release|Any CPU
		{AE9D85BB-B812-FCBF-60D4-0653F76DE85F}.Release|Any CPU.Build.0 = Release|Any CPU
		{32B551A9-D3AB-1F8C-6C4B-375E85A9C92F}.Debug|Any CPU.ActiveCfg = Debug|Any CPU
		{32B551A9-D3AB-1F8C-6C4B-375E85A9C92F}.Debug|Any CPU.Build.0 = Debug|Any CPU
		{32B551A9-D3AB-1F8C-6C4B-375E85A9C92F}.Release|Any CPU.ActiveCfg = Release|Any CPU
		{32B551A9-D3AB-1F8C-6C4B-375E85A9C92F}.Release|Any CPU.Build.0 = Release|Any CPU
		{65DDF77D-25FA-C81D-6E25-2E8CAF408A80}.Debug|Any CPU.ActiveCfg = Debug|Any CPU
		{65DDF77D-25FA-C81D-6E25-2E8CAF408A80}.Debug|Any CPU.Build.0 = Debug|Any CPU
		{65DDF77D-25FA-C81D-6E25-2E8CAF408A80}.Release|Any CPU.ActiveCfg = Release|Any CPU
		{65DDF77D-25FA-C81D-6E25-2E8CAF408A80}.Release|Any CPU.Build.0 = Release|Any CPU
		{BEE092FA-0621-24B6-9808-C512BF392AFE}.Debug|Any CPU.ActiveCfg = Debug|Any CPU
		{BEE092FA-0621-24B6-9808-C512BF392AFE}.Debug|Any CPU.Build.0 = Debug|Any CPU
		{BEE092FA-0621-24B6-9808-C512BF392AFE}.Release|Any CPU.ActiveCfg = Release|Any CPU
		{BEE092FA-0621-24B6-9808-C512BF392AFE}.Release|Any CPU.Build.0 = Release|Any CPU
	EndGlobalSection
	GlobalSection(SolutionProperties) = preSolution
		HideSolutionNode = FALSE
	EndGlobalSection
	GlobalSection(NestedProjects) = preSolution
		{0F9113EE-888A-26D2-68B0-4A7D0A2A8745} = {1AE8ACA6-933B-BF2A-3671-3E2EAC007D16}
		{FCDF8193-D1BB-E56F-CBCF-A2ABFD6231D9} = {0F9113EE-888A-26D2-68B0-4A7D0A2A8745}
		{42FDFDC6-ADA6-785D-BCDE-44E42997608B} = {0F9113EE-888A-26D2-68B0-4A7D0A2A8745}
		{81C9B467-F39A-2B4B-8825-3CC8CBE2781F} = {0F9113EE-888A-26D2-68B0-4A7D0A2A8745}
		{013FB72F-170B-76C9-3A0F-0220138AED88} = {0F9113EE-888A-26D2-68B0-4A7D0A2A8745}
		{F57642F3-C37C-D174-720E-6A6AAD5BEE22} = {1AE8ACA6-933B-BF2A-3671-3E2EAC007D16}
		{3854E47F-0F98-95DE-BD48-BF5A666DF2AD} = {F57642F3-C37C-D174-720E-6A6AAD5BEE22}
		{0A89FECB-1AB1-6485-1AA0-DCD8388D976F} = {F57642F3-C37C-D174-720E-6A6AAD5BEE22}
		{5C56C0A7-A913-759F-5213-659ED0A91BD4} = {0A89FECB-1AB1-6485-1AA0-DCD8388D976F}
		{53BC5D6F-2E23-E2BC-B668-7B04856F88A1} = {F57642F3-C37C-D174-720E-6A6AAD5BEE22}
		{AE9D85BB-B812-FCBF-60D4-0653F76DE85F} = {53BC5D6F-2E23-E2BC-B668-7B04856F88A1}
		{32B551A9-D3AB-1F8C-6C4B-375E85A9C92F} = {53BC5D6F-2E23-E2BC-B668-7B04856F88A1}
		{65DDF77D-25FA-C81D-6E25-2E8CAF408A80} = {53BC5D6F-2E23-E2BC-B668-7B04856F88A1}
		{BEE092FA-0621-24B6-9808-C512BF392AFE} = {53BC5D6F-2E23-E2BC-B668-7B04856F88A1}
	EndGlobalSection
	GlobalSection(ExtensibilityGlobals) = postSolution
		SolutionGuid = {9E9DD83E-C066-4875-A93D-00ADD121888E}
	EndGlobalSection
EndGlobal
